// !$*UTF8*$!
{
	archiveVersion = 1;
	classes = {
	};
	objectVersion = 77;
	objects = {

/* Begin PBXBuildFile section */
		CCD7121A2CE020BC00AD46B9 /* MbtiView.swift in Sources */ = {isa = PBXBuildFile; fileRef = CCD712192CE020BC00AD46B9 /* MbtiView.swift */; };
		CCD712222CE02DB900AD46B9 /* FilterView.swift in Sources */ = {isa = PBXBuildFile; fileRef = CCD712212CE02DB900AD46B9 /* FilterView.swift */; };
		DF4E59852CDFE287009799AE /* Assets.xcassets in Resources */ = {isa = PBXBuildFile; fileRef = DF4E59812CDFE287009799AE /* Assets.xcassets */; };
		DF4E59872CDFE287009799AE /* INJAEApp.swift in Sources */ = {isa = PBXBuildFile; fileRef = DF4E59832CDFE287009799AE /* INJAEApp.swift */; };
		DF4E59942CDFE456009799AE /* Color+.swift in Sources */ = {isa = PBXBuildFile; fileRef = DF4E59932CDFE456009799AE /* Color+.swift */; };
		DF4E599B2CE005B4009799AE /* MoveSans-Light.otf in Resources */ = {isa = PBXBuildFile; fileRef = DF4E59992CE005B4009799AE /* MoveSans-Light.otf */; };
		DF4E599C2CE005B4009799AE /* MoveSans-Medium.otf in Resources */ = {isa = PBXBuildFile; fileRef = DF4E599A2CE005B4009799AE /* MoveSans-Medium.otf */; };
		DF4E599D2CE005B4009799AE /* MoveSans-Bold.otf in Resources */ = {isa = PBXBuildFile; fileRef = DF4E59982CE005B4009799AE /* MoveSans-Bold.otf */; };
		DF4E59A02CE005FA009799AE /* Font+.swift in Sources */ = {isa = PBXBuildFile; fileRef = DF4E599F2CE005FA009799AE /* Font+.swift */; };
		DF4E59A22CE0077B009799AE /* QuestionView.swift in Sources */ = {isa = PBXBuildFile; fileRef = DF4E59A12CE0077B009799AE /* QuestionView.swift */; };
		DF4E59A42CE00837009799AE /* QuestionViewModel.swift in Sources */ = {isa = PBXBuildFile; fileRef = DF4E59A32CE00837009799AE /* QuestionViewModel.swift */; };
		DF4E59A72CE01AB0009799AE /* BreadLoading.swift in Sources */ = {isa = PBXBuildFile; fileRef = DF4E59A62CE01AB0009799AE /* BreadLoading.swift */; };
/* End PBXBuildFile section */

/* Begin PBXFileReference section */
		CCD712192CE020BC00AD46B9 /* MbtiView.swift */ = {isa = PBXFileReference; lastKnownFileType = sourcecode.swift; path = MbtiView.swift; sourceTree = "<group>"; };
		CCD712212CE02DB900AD46B9 /* FilterView.swift */ = {isa = PBXFileReference; lastKnownFileType = sourcecode.swift; path = FilterView.swift; sourceTree = "<group>"; };
		DF4E596E2CDF8B32009799AE /* INJAE.app */ = {isa = PBXFileReference; explicitFileType = wrapper.application; includeInIndex = 0; path = INJAE.app; sourceTree = BUILT_PRODUCTS_DIR; };
		DF4E59812CDFE287009799AE /* Assets.xcassets */ = {isa = PBXFileReference; lastKnownFileType = folder.assetcatalog; path = Assets.xcassets; sourceTree = "<group>"; };
		DF4E59832CDFE287009799AE /* INJAEApp.swift */ = {isa = PBXFileReference; lastKnownFileType = sourcecode.swift; path = INJAEApp.swift; sourceTree = "<group>"; };
		DF4E59932CDFE456009799AE /* Color+.swift */ = {isa = PBXFileReference; lastKnownFileType = sourcecode.swift; path = "Color+.swift"; sourceTree = "<group>"; };
		DF4E59982CE005B4009799AE /* MoveSans-Bold.otf */ = {isa = PBXFileReference; lastKnownFileType = file; path = "MoveSans-Bold.otf"; sourceTree = "<group>"; };
		DF4E59992CE005B4009799AE /* MoveSans-Light.otf */ = {isa = PBXFileReference; lastKnownFileType = file; path = "MoveSans-Light.otf"; sourceTree = "<group>"; };
		DF4E599A2CE005B4009799AE /* MoveSans-Medium.otf */ = {isa = PBXFileReference; lastKnownFileType = file; path = "MoveSans-Medium.otf"; sourceTree = "<group>"; };
		DF4E599E2CE005BF009799AE /* Info.plist */ = {isa = PBXFileReference; lastKnownFileType = text.plist; path = Info.plist; sourceTree = "<group>"; };
		DF4E599F2CE005FA009799AE /* Font+.swift */ = {isa = PBXFileReference; lastKnownFileType = sourcecode.swift; path = "Font+.swift"; sourceTree = "<group>"; };
		DF4E59A12CE0077B009799AE /* QuestionView.swift */ = {isa = PBXFileReference; lastKnownFileType = sourcecode.swift; path = QuestionView.swift; sourceTree = "<group>"; };
		DF4E59A32CE00837009799AE /* QuestionViewModel.swift */ = {isa = PBXFileReference; lastKnownFileType = sourcecode.swift; path = QuestionViewModel.swift; sourceTree = "<group>"; };
		DF4E59A62CE01AB0009799AE /* BreadLoading.swift */ = {isa = PBXFileReference; lastKnownFileType = sourcecode.swift; path = BreadLoading.swift; sourceTree = "<group>"; };
/* End PBXFileReference section */

/* Begin PBXFileSystemSynchronizedRootGroup section */
		DF4E598A2CDFE2BF009799AE /* Preview Content */ = {
			isa = PBXFileSystemSynchronizedRootGroup;
			path = "Preview Content";
			sourceTree = "<group>";
		};
/* End PBXFileSystemSynchronizedRootGroup section */

/* Begin PBXFrameworksBuildPhase section */
		DF4E596B2CDF8B32009799AE /* Frameworks */ = {
			isa = PBXFrameworksBuildPhase;
			buildActionMask = 2147483647;
			files = (
			);
			runOnlyForDeploymentPostprocessing = 0;
		};
/* End PBXFrameworksBuildPhase section */

/* Begin PBXGroup section */
		DF4E59652CDF8B32009799AE = {
			isa = PBXGroup;
			children = (
				DF4E59882CDFE295009799AE /* INJAE */,
				DF4E596F2CDF8B32009799AE /* Products */,
			);
			sourceTree = "<group>";
		};
		DF4E596F2CDF8B32009799AE /* Products */ = {
			isa = PBXGroup;
			children = (
				DF4E596E2CDF8B32009799AE /* INJAE.app */,
			);
			name = Products;
			sourceTree = "<group>";
		};
		DF4E59882CDFE295009799AE /* INJAE */ = {
			isa = PBXGroup;
			children = (
				DF4E599E2CE005BF009799AE /* Info.plist */,
				DF4E598A2CDFE2BF009799AE /* Preview Content */,
				DF4E598D2CDFE3F1009799AE /* Source */,
				DF4E598C2CDFE2D6009799AE /* Resource */,
			);
			path = INJAE;
			sourceTree = "<group>";
		};
		DF4E598C2CDFE2D6009799AE /* Resource */ = {
			isa = PBXGroup;
			children = (
				DF4E59972CE005AA009799AE /* Fonts */,
				DF4E59812CDFE287009799AE /* Assets.xcassets */,
			);
			path = Resource;
			sourceTree = "<group>";
		};
		DF4E598D2CDFE3F1009799AE /* Source */ = {
			isa = PBXGroup;
			children = (
				DF4E598E2CDFE3FC009799AE /* App */,
				DF4E598F2CDFE404009799AE /* Presentation */,
				DF4E59922CDFE43C009799AE /* Extension */,
			);
			path = Source;
			sourceTree = "<group>";
		};
		DF4E598E2CDFE3FC009799AE /* App */ = {
			isa = PBXGroup;
			children = (
				DF4E59832CDFE287009799AE /* INJAEApp.swift */,
			);
			path = App;
			sourceTree = "<group>";
		};
		DF4E598F2CDFE404009799AE /* Presentation */ = {
			isa = PBXGroup;
			children = (
				DF4E59A52CE01AA5009799AE /* Components */,
				DF4E59902CDFE424009799AE /* View */,
				DF4E59912CDFE42B009799AE /* ViewModel */,
			);
			path = Presentation;
			sourceTree = "<group>";
		};
		DF4E59902CDFE424009799AE /* View */ = {
			isa = PBXGroup;
			children = (
				DF4E59A12CE0077B009799AE /* QuestionView.swift */,
				CCD712192CE020BC00AD46B9 /* MbtiView.swift */,
				CCD712212CE02DB900AD46B9 /* FilterView.swift */,
			);
			path = View;
			sourceTree = "<group>";
		};
		DF4E59912CDFE42B009799AE /* ViewModel */ = {
			isa = PBXGroup;
			children = (
				DF4E59A32CE00837009799AE /* QuestionViewModel.swift */,
			);
			path = ViewModel;
			sourceTree = "<group>";
		};
		DF4E59922CDFE43C009799AE /* Extension */ = {
			isa = PBXGroup;
			children = (
				DF4E59932CDFE456009799AE /* Color+.swift */,
				DF4E599F2CE005FA009799AE /* Font+.swift */,
			);
			path = Extension;
			sourceTree = "<group>";
		};
		DF4E59972CE005AA009799AE /* Fonts */ = {
			isa = PBXGroup;
			children = (
				DF4E59982CE005B4009799AE /* MoveSans-Bold.otf */,
				DF4E59992CE005B4009799AE /* MoveSans-Light.otf */,
				DF4E599A2CE005B4009799AE /* MoveSans-Medium.otf */,
			);
			path = Fonts;
			sourceTree = "<group>";
		};
		DF4E59A52CE01AA5009799AE /* Components */ = {
			isa = PBXGroup;
			children = (
				DF4E59A62CE01AB0009799AE /* BreadLoading.swift */,
			);
			path = Components;
			sourceTree = "<group>";
		};
/* End PBXGroup section */

/* Begin PBXNativeTarget section */
		DF4E596D2CDF8B32009799AE /* INJAE */ = {
			isa = PBXNativeTarget;
			buildConfigurationList = DF4E597C2CDF8B34009799AE /* Build configuration list for PBXNativeTarget "INJAE" */;
			buildPhases = (
				DF4E596A2CDF8B32009799AE /* Sources */,
				DF4E596B2CDF8B32009799AE /* Frameworks */,
				DF4E596C2CDF8B32009799AE /* Resources */,
			);
			buildRules = (
			);
			dependencies = (
			);
			fileSystemSynchronizedGroups = (
				DF4E598A2CDFE2BF009799AE /* Preview Content */,
			);
			name = INJAE;
			packageProductDependencies = (
			);
			productName = INJAE;
			productReference = DF4E596E2CDF8B32009799AE /* INJAE.app */;
			productType = "com.apple.product-type.application";
		};
/* End PBXNativeTarget section */

/* Begin PBXProject section */
		DF4E59662CDF8B32009799AE /* Project object */ = {
			isa = PBXProject;
			attributes = {
				BuildIndependentTargetsInParallel = 1;
				LastSwiftUpdateCheck = 1600;
				LastUpgradeCheck = 1600;
				TargetAttributes = {
					DF4E596D2CDF8B32009799AE = {
						CreatedOnToolsVersion = 16.0;
					};
				};
			};
			buildConfigurationList = DF4E59692CDF8B32009799AE /* Build configuration list for PBXProject "INJAE" */;
			developmentRegion = en;
			hasScannedForEncodings = 0;
			knownRegions = (
				en,
				Base,
			);
			mainGroup = DF4E59652CDF8B32009799AE;
			minimizedProjectReferenceProxies = 1;
			preferredProjectObjectVersion = 77;
			productRefGroup = DF4E596F2CDF8B32009799AE /* Products */;
			projectDirPath = "";
			projectRoot = "";
			targets = (
				DF4E596D2CDF8B32009799AE /* INJAE */,
			);
		};
/* End PBXProject section */

/* Begin PBXResourcesBuildPhase section */
		DF4E596C2CDF8B32009799AE /* Resources */ = {
			isa = PBXResourcesBuildPhase;
			buildActionMask = 2147483647;
			files = (
				DF4E599B2CE005B4009799AE /* MoveSans-Light.otf in Resources */,
				DF4E599C2CE005B4009799AE /* MoveSans-Medium.otf in Resources */,
				DF4E599D2CE005B4009799AE /* MoveSans-Bold.otf in Resources */,
				DF4E59852CDFE287009799AE /* Assets.xcassets in Resources */,
			);
			runOnlyForDeploymentPostprocessing = 0;
		};
/* End PBXResourcesBuildPhase section */

/* Begin PBXSourcesBuildPhase section */
		DF4E596A2CDF8B32009799AE /* Sources */ = {
			isa = PBXSourcesBuildPhase;
			buildActionMask = 2147483647;
			files = (
				DF4E59A42CE00837009799AE /* QuestionViewModel.swift in Sources */,
				DF4E59A02CE005FA009799AE /* Font+.swift in Sources */,
				DF4E59942CDFE456009799AE /* Color+.swift in Sources */,
				DF4E59A22CE0077B009799AE /* QuestionView.swift in Sources */,
				CCD712222CE02DB900AD46B9 /* FilterView.swift in Sources */,
				CCD7121A2CE020BC00AD46B9 /* MbtiView.swift in Sources */,
				DF4E59872CDFE287009799AE /* INJAEApp.swift in Sources */,
				DF4E59A72CE01AB0009799AE /* BreadLoading.swift in Sources */,
			);
			runOnlyForDeploymentPostprocessing = 0;
		};
/* End PBXSourcesBuildPhase section */

/* Begin XCBuildConfiguration section */
		DF4E597A2CDF8B34009799AE /* Debug */ = {
			isa = XCBuildConfiguration;
			buildSettings = {
				ALWAYS_SEARCH_USER_PATHS = NO;
				ASSETCATALOG_COMPILER_GENERATE_SWIFT_ASSET_SYMBOL_EXTENSIONS = YES;
				CLANG_ANALYZER_NONNULL = YES;
				CLANG_ANALYZER_NUMBER_OBJECT_CONVERSION = YES_AGGRESSIVE;
				CLANG_CXX_LANGUAGE_STANDARD = "gnu++20";
				CLANG_ENABLE_MODULES = YES;
				CLANG_ENABLE_OBJC_ARC = YES;
				CLANG_ENABLE_OBJC_WEAK = YES;
				CLANG_WARN_BLOCK_CAPTURE_AUTORELEASING = YES;
				CLANG_WARN_BOOL_CONVERSION = YES;
				CLANG_WARN_COMMA = YES;
				CLANG_WARN_CONSTANT_CONVERSION = YES;
				CLANG_WARN_DEPRECATED_OBJC_IMPLEMENTATIONS = YES;
				CLANG_WARN_DIRECT_OBJC_ISA_USAGE = YES_ERROR;
				CLANG_WARN_DOCUMENTATION_COMMENTS = YES;
				CLANG_WARN_EMPTY_BODY = YES;
				CLANG_WARN_ENUM_CONVERSION = YES;
				CLANG_WARN_INFINITE_RECURSION = YES;
				CLANG_WARN_INT_CONVERSION = YES;
				CLANG_WARN_NON_LITERAL_NULL_CONVERSION = YES;
				CLANG_WARN_OBJC_IMPLICIT_RETAIN_SELF = YES;
				CLANG_WARN_OBJC_LITERAL_CONVERSION = YES;
				CLANG_WARN_OBJC_ROOT_CLASS = YES_ERROR;
				CLANG_WARN_QUOTED_INCLUDE_IN_FRAMEWORK_HEADER = YES;
				CLANG_WARN_RANGE_LOOP_ANALYSIS = YES;
				CLANG_WARN_STRICT_PROTOTYPES = YES;
				CLANG_WARN_SUSPICIOUS_MOVE = YES;
				CLANG_WARN_UNGUARDED_AVAILABILITY = YES_AGGRESSIVE;
				CLANG_WARN_UNREACHABLE_CODE = YES;
				CLANG_WARN__DUPLICATE_METHOD_MATCH = YES;
				COPY_PHASE_STRIP = NO;
				DEBUG_INFORMATION_FORMAT = dwarf;
				ENABLE_STRICT_OBJC_MSGSEND = YES;
				ENABLE_TESTABILITY = YES;
				ENABLE_USER_SCRIPT_SANDBOXING = YES;
				GCC_C_LANGUAGE_STANDARD = gnu17;
				GCC_DYNAMIC_NO_PIC = NO;
				GCC_NO_COMMON_BLOCKS = YES;
				GCC_OPTIMIZATION_LEVEL = 0;
				GCC_PREPROCESSOR_DEFINITIONS = (
					"DEBUG=1",
					"$(inherited)",
				);
				GCC_WARN_64_TO_32_BIT_CONVERSION = YES;
				GCC_WARN_ABOUT_RETURN_TYPE = YES_ERROR;
				GCC_WARN_UNDECLARED_SELECTOR = YES;
				GCC_WARN_UNINITIALIZED_AUTOS = YES_AGGRESSIVE;
				GCC_WARN_UNUSED_FUNCTION = YES;
				GCC_WARN_UNUSED_VARIABLE = YES;
				IPHONEOS_DEPLOYMENT_TARGET = 18.0;
				LOCALIZATION_PREFERS_STRING_CATALOGS = YES;
				MTL_ENABLE_DEBUG_INFO = INCLUDE_SOURCE;
				MTL_FAST_MATH = YES;
				ONLY_ACTIVE_ARCH = YES;
				SDKROOT = iphoneos;
				SWIFT_ACTIVE_COMPILATION_CONDITIONS = "DEBUG $(inherited)";
				SWIFT_OPTIMIZATION_LEVEL = "-Onone";
			};
			name = Debug;
		};
		DF4E597B2CDF8B34009799AE /* Release */ = {
			isa = XCBuildConfiguration;
			buildSettings = {
				ALWAYS_SEARCH_USER_PATHS = NO;
				ASSETCATALOG_COMPILER_GENERATE_SWIFT_ASSET_SYMBOL_EXTENSIONS = YES;
				CLANG_ANALYZER_NONNULL = YES;
				CLANG_ANALYZER_NUMBER_OBJECT_CONVERSION = YES_AGGRESSIVE;
				CLANG_CXX_LANGUAGE_STANDARD = "gnu++20";
				CLANG_ENABLE_MODULES = YES;
				CLANG_ENABLE_OBJC_ARC = YES;
				CLANG_ENABLE_OBJC_WEAK = YES;
				CLANG_WARN_BLOCK_CAPTURE_AUTORELEASING = YES;
				CLANG_WARN_BOOL_CONVERSION = YES;
				CLANG_WARN_COMMA = YES;
				CLANG_WARN_CONSTANT_CONVERSION = YES;
				CLANG_WARN_DEPRECATED_OBJC_IMPLEMENTATIONS = YES;
				CLANG_WARN_DIRECT_OBJC_ISA_USAGE = YES_ERROR;
				CLANG_WARN_DOCUMENTATION_COMMENTS = YES;
				CLANG_WARN_EMPTY_BODY = YES;
				CLANG_WARN_ENUM_CONVERSION = YES;
				CLANG_WARN_INFINITE_RECURSION = YES;
				CLANG_WARN_INT_CONVERSION = YES;
				CLANG_WARN_NON_LITERAL_NULL_CONVERSION = YES;
				CLANG_WARN_OBJC_IMPLICIT_RETAIN_SELF = YES;
				CLANG_WARN_OBJC_LITERAL_CONVERSION = YES;
				CLANG_WARN_OBJC_ROOT_CLASS = YES_ERROR;
				CLANG_WARN_QUOTED_INCLUDE_IN_FRAMEWORK_HEADER = YES;
				CLANG_WARN_RANGE_LOOP_ANALYSIS = YES;
				CLANG_WARN_STRICT_PROTOTYPES = YES;
				CLANG_WARN_SUSPICIOUS_MOVE = YES;
				CLANG_WARN_UNGUARDED_AVAILABILITY = YES_AGGRESSIVE;
				CLANG_WARN_UNREACHABLE_CODE = YES;
				CLANG_WARN__DUPLICATE_METHOD_MATCH = YES;
				COPY_PHASE_STRIP = NO;
				DEBUG_INFORMATION_FORMAT = "dwarf-with-dsym";
				ENABLE_NS_ASSERTIONS = NO;
				ENABLE_STRICT_OBJC_MSGSEND = YES;
				ENABLE_USER_SCRIPT_SANDBOXING = YES;
				GCC_C_LANGUAGE_STANDARD = gnu17;
				GCC_NO_COMMON_BLOCKS = YES;
				GCC_WARN_64_TO_32_BIT_CONVERSION = YES;
				GCC_WARN_ABOUT_RETURN_TYPE = YES_ERROR;
				GCC_WARN_UNDECLARED_SELECTOR = YES;
				GCC_WARN_UNINITIALIZED_AUTOS = YES_AGGRESSIVE;
				GCC_WARN_UNUSED_FUNCTION = YES;
				GCC_WARN_UNUSED_VARIABLE = YES;
				IPHONEOS_DEPLOYMENT_TARGET = 18.0;
				LOCALIZATION_PREFERS_STRING_CATALOGS = YES;
				MTL_ENABLE_DEBUG_INFO = NO;
				MTL_FAST_MATH = YES;
				SDKROOT = iphoneos;
				SWIFT_COMPILATION_MODE = wholemodule;
				VALIDATE_PRODUCT = YES;
			};
			name = Release;
		};
		DF4E597D2CDF8B34009799AE /* Debug */ = {
			isa = XCBuildConfiguration;
			buildSettings = {
				ASSETCATALOG_COMPILER_APPICON_NAME = AppIcon;
				ASSETCATALOG_COMPILER_GLOBAL_ACCENT_COLOR_NAME = AccentColor;
				CODE_SIGN_STYLE = Automatic;
				CURRENT_PROJECT_VERSION = 1;
				DEVELOPMENT_ASSET_PATHS = "\"INJAE/Preview Content\"";
				DEVELOPMENT_TEAM = 6RUVHQW43D;
				ENABLE_PREVIEWS = YES;
				GENERATE_INFOPLIST_FILE = YES;
				INFOPLIST_FILE = INJAE/Info.plist;
				INFOPLIST_KEY_UIApplicationSceneManifest_Generation = YES;
				INFOPLIST_KEY_UIApplicationSupportsIndirectInputEvents = YES;
				INFOPLIST_KEY_UILaunchScreen_Generation = YES;
				INFOPLIST_KEY_UISupportedInterfaceOrientations_iPad = "UIInterfaceOrientationPortrait UIInterfaceOrientationPortraitUpsideDown UIInterfaceOrientationLandscapeLeft UIInterfaceOrientationLandscapeRight";
				INFOPLIST_KEY_UISupportedInterfaceOrientations_iPhone = "UIInterfaceOrientationPortrait UIInterfaceOrientationLandscapeLeft UIInterfaceOrientationLandscapeRight";
				INFOPLIST_KEY_UIUserInterfaceStyle = Light;
				LD_RUNPATH_SEARCH_PATHS = (
					"$(inherited)",
					"@executable_path/Frameworks",
				);
				MARKETING_VERSION = 1.0;
				PRODUCT_BUNDLE_IDENTIFIER = com.00yhsp.INJAE;
				PRODUCT_NAME = "$(TARGET_NAME)";
				SWIFT_EMIT_LOC_STRINGS = YES;
				SWIFT_VERSION = 5.0;
				TARGETED_DEVICE_FAMILY = "1,2";
			};
			name = Debug;
		};
		DF4E597E2CDF8B34009799AE /* Release */ = {
			isa = XCBuildConfiguration;
			buildSettings = {
				ASSETCATALOG_COMPILER_APPICON_NAME = AppIcon;
				ASSETCATALOG_COMPILER_GLOBAL_ACCENT_COLOR_NAME = AccentColor;
				CODE_SIGN_STYLE = Automatic;
				CURRENT_PROJECT_VERSION = 1;
				DEVELOPMENT_ASSET_PATHS = "\"INJAE/Preview Content\"";
				DEVELOPMENT_TEAM = 6RUVHQW43D;
				ENABLE_PREVIEWS = YES;
				GENERATE_INFOPLIST_FILE = YES;
				INFOPLIST_FILE = INJAE/Info.plist;
				INFOPLIST_KEY_UIApplicationSceneManifest_Generation = YES;
				INFOPLIST_KEY_UIApplicationSupportsIndirectInputEvents = YES;
				INFOPLIST_KEY_UILaunchScreen_Generation = YES;
				INFOPLIST_KEY_UISupportedInterfaceOrientations_iPad = "UIInterfaceOrientationPortrait UIInterfaceOrientationPortraitUpsideDown UIInterfaceOrientationLandscapeLeft UIInterfaceOrientationLandscapeRight";
				INFOPLIST_KEY_UISupportedInterfaceOrientations_iPhone = "UIInterfaceOrientationPortrait UIInterfaceOrientationLandscapeLeft UIInterfaceOrientationLandscapeRight";
				INFOPLIST_KEY_UIUserInterfaceStyle = Light;
				LD_RUNPATH_SEARCH_PATHS = (
					"$(inherited)",
					"@executable_path/Frameworks",
				);
				MARKETING_VERSION = 1.0;
				PRODUCT_BUNDLE_IDENTIFIER = com.00yhsp.INJAE;
				PRODUCT_NAME = "$(TARGET_NAME)";
				SWIFT_EMIT_LOC_STRINGS = YES;
				SWIFT_VERSION = 5.0;
				TARGETED_DEVICE_FAMILY = "1,2";
			};
			name = Release;
		};
/* End XCBuildConfiguration section */

/* Begin XCConfigurationList section */
		DF4E59692CDF8B32009799AE /* Build configuration list for PBXProject "INJAE" */ = {
			isa = XCConfigurationList;
			buildConfigurations = (
				DF4E597A2CDF8B34009799AE /* Debug */,
				DF4E597B2CDF8B34009799AE /* Release */,
			);
			defaultConfigurationIsVisible = 0;
			defaultConfigurationName = Release;
		};
		DF4E597C2CDF8B34009799AE /* Build configuration list for PBXNativeTarget "INJAE" */ = {
			isa = XCConfigurationList;
			buildConfigurations = (
				DF4E597D2CDF8B34009799AE /* Debug */,
				DF4E597E2CDF8B34009799AE /* Release */,
			);
			defaultConfigurationIsVisible = 0;
			defaultConfigurationName = Release;
		};
/* End XCConfigurationList section */
	};
	rootObject = DF4E59662CDF8B32009799AE /* Project object */;
}
